
Microsoft Visual Studio Solution File, Format Version 12.00
# Visual Studio Version 17
VisualStudioVersion = 17.9.34902.65
MinimumVisualStudioVersion = 10.0.40219.1
Project("{FAE04EC0-301F-11D3-BF4B-00C04F79EFBC}") = "API", "API\API.csproj", "{0025B4F0-D89C-4D45-BB43-DB51A987CA02}"
EndProject
Project("{FAE04EC0-301F-11D3-BF4B-00C04F79EFBC}") = "Core", "Core\Core.csproj", "{A22497BE-3C9A-428C-9A8C-91F20F363478}"
EndProject
Project("{FAE04EC0-301F-11D3-BF4B-00C04F79EFBC}") = "Application", "Application\Application.csproj", "{AE6B3B16-2B3E-4AEF-BCF1-2FD7C7B500E4}"
EndProject
Project("{2150E333-8FDC-42A3-9474-1A3956D46DE8}") = "Tests", "Tests", "{FC447381-5C09-4E76-AFEE-CAD6FAAAE689}"
EndProject
Project("{FAE04EC0-301F-11D3-BF4B-00C04F79EFBC}") = "Application.UnitTests", "Application.UnitTests\Application.UnitTests.csproj", "{C6617A56-60F5-4957-B60E-41BF1868946D}"
EndProject
Global
	GlobalSection(SolutionConfigurationPlatforms) = preSolution
		Debug|Any CPU = Debug|Any CPU
		Release|Any CPU = Release|Any CPU
	EndGlobalSection
	GlobalSection(ProjectConfigurationPlatforms) = postSolution
		{0025B4F0-D89C-4D45-BB43-DB51A987CA02}.Debug|Any CPU.ActiveCfg = Debug|Any CPU
		{0025B4F0-D89C-4D45-BB43-DB51A987CA02}.Debug|Any CPU.Build.0 = Debug|Any CPU
		{0025B4F0-D89C-4D45-BB43-DB51A987CA02}.Release|Any CPU.ActiveCfg = Release|Any CPU
		{0025B4F0-D89C-4D45-BB43-DB51A987CA02}.Release|Any CPU.Build.0 = Release|Any CPU
		{A22497BE-3C9A-428C-9A8C-91F20F363478}.Debug|Any CPU.ActiveCfg = Debug|Any CPU
		{A22497BE-3C9A-428C-9A8C-91F20F363478}.Debug|Any CPU.Build.0 = Debug|Any CPU
		{A22497BE-3C9A-428C-9A8C-91F20F363478}.Release|Any CPU.ActiveCfg = Release|Any CPU
		{A22497BE-3C9A-428C-9A8C-91F20F363478}.Release|Any CPU.Build.0 = Release|Any CPU
		{AE6B3B16-2B3E-4AEF-BCF1-2FD7C7B500E4}.Debug|Any CPU.ActiveCfg = Debug|Any CPU
		{AE6B3B16-2B3E-4AEF-BCF1-2FD7C7B500E4}.Debug|Any CPU.Build.0 = Debug|Any CPU
		{AE6B3B16-2B3E-4AEF-BCF1-2FD7C7B500E4}.Release|Any CPU.ActiveCfg = Release|Any CPU
		{AE6B3B16-2B3E-4AEF-BCF1-2FD7C7B500E4}.Release|Any CPU.Build.0 = Release|Any CPU
		{C6617A56-60F5-4957-B60E-41BF1868946D}.Debug|Any CPU.ActiveCfg = Debug|Any CPU
		{C6617A56-60F5-4957-B60E-41BF1868946D}.Debug|Any CPU.Build.0 = Debug|Any CPU
		{C6617A56-60F5-4957-B60E-41BF1868946D}.Release|Any CPU.ActiveCfg = Release|Any CPU
		{C6617A56-60F5-4957-B60E-41BF1868946D}.Release|Any CPU.Build.0 = Release|Any CPU
	EndGlobalSection
	GlobalSection(SolutionProperties) = preSolution
		HideSolutionNode = FALSE
	EndGlobalSection
	GlobalSection(NestedProjects) = preSolution
		{C6617A56-60F5-4957-B60E-41BF1868946D} = {FC447381-5C09-4E76-AFEE-CAD6FAAAE689}
	EndGlobalSection
	GlobalSection(ExtensibilityGlobals) = postSolution
		SolutionGuid = {FED073ED-6D99-4233-932E-1AE5B2DC3265}
	EndGlobalSection
EndGlobal
